// !$*UTF8*$!
{
	archiveVersion = 1;
	classes = {
	};
	objectVersion = 51;
	objects = {

/* Begin PBXBuildFile section */
		0800219C258002BF00BE3870 /* Images.swift in Sources */ = {isa = PBXBuildFile; fileRef = 0800219B258002BF00BE3870 /* Images.swift */; };
		080277362582367600E7EBC1 /* DashboardViewController.swift in Sources */ = {isa = PBXBuildFile; fileRef = 080277342582367600E7EBC1 /* DashboardViewController.swift */; };
		080277372582367600E7EBC1 /* DashboardViewController.xib in Resources */ = {isa = PBXBuildFile; fileRef = 080277352582367600E7EBC1 /* DashboardViewController.xib */; };
		080277452582379800E7EBC1 /* DashboardViewable.swift in Sources */ = {isa = PBXBuildFile; fileRef = 080277442582379800E7EBC1 /* DashboardViewable.swift */; };
		0802775E25823D6000E7EBC1 /* DashboardHeaderView.swift in Sources */ = {isa = PBXBuildFile; fileRef = 0802775D25823D6000E7EBC1 /* DashboardHeaderView.swift */; };
		0802776425823D8900E7EBC1 /* DashboardHeaderView.xib in Resources */ = {isa = PBXBuildFile; fileRef = 0802776325823D8900E7EBC1 /* DashboardHeaderView.xib */; };
		080277742582431800E7EBC1 /* UIViewExtensions.swift in Sources */ = {isa = PBXBuildFile; fileRef = 080277732582431800E7EBC1 /* UIViewExtensions.swift */; };
		080B243E257FF33300C87AA3 /* AppDelegate.swift in Sources */ = {isa = PBXBuildFile; fileRef = 080B243D257FF33300C87AA3 /* AppDelegate.swift */; };
		080B2440257FF33300C87AA3 /* SceneDelegate.swift in Sources */ = {isa = PBXBuildFile; fileRef = 080B243F257FF33300C87AA3 /* SceneDelegate.swift */; };
		080B2447257FF33300C87AA3 /* Assets.xcassets in Resources */ = {isa = PBXBuildFile; fileRef = 080B2446257FF33300C87AA3 /* Assets.xcassets */; };
		080B244A257FF33300C87AA3 /* LaunchScreen.storyboard in Resources */ = {isa = PBXBuildFile; fileRef = 080B2448257FF33300C87AA3 /* LaunchScreen.storyboard */; };
		080B2471257FF5F600C87AA3 /* DashboardViewModel.swift in Sources */ = {isa = PBXBuildFile; fileRef = 080B2470257FF5F600C87AA3 /* DashboardViewModel.swift */; };
		080B247F257FF84500C87AA3 /* Theme.swift in Sources */ = {isa = PBXBuildFile; fileRef = 080B247E257FF84500C87AA3 /* Theme.swift */; };
		080B2487257FF9C600C87AA3 /* AppConfig.swift in Sources */ = {isa = PBXBuildFile; fileRef = 080B2486257FF9C600C87AA3 /* AppConfig.swift */; };
		080B248C257FFA8000C87AA3 /* UIColorExtensions.swift in Sources */ = {isa = PBXBuildFile; fileRef = 080B248B257FFA8000C87AA3 /* UIColorExtensions.swift */; };
		082299A125A60027004BDC4C /* UIViewControllerExtensions.swift in Sources */ = {isa = PBXBuildFile; fileRef = 082299A025A60027004BDC4C /* UIViewControllerExtensions.swift */; };
		082299A625A6012C004BDC4C /* Strings.swift in Sources */ = {isa = PBXBuildFile; fileRef = 082299A525A6012C004BDC4C /* Strings.swift */; };
		082299AA25A60637004BDC4C /* DoubleExtensions.swift in Sources */ = {isa = PBXBuildFile; fileRef = 082299A925A60637004BDC4C /* DoubleExtensions.swift */; };
		082299AF25A609ED004BDC4C /* DashboardHeaderViewData.swift in Sources */ = {isa = PBXBuildFile; fileRef = 082299AE25A609ED004BDC4C /* DashboardHeaderViewData.swift */; };
		082299B725A61406004BDC4C /* ForecastTableViewCell.swift in Sources */ = {isa = PBXBuildFile; fileRef = 082299B525A61406004BDC4C /* ForecastTableViewCell.swift */; };
		082299B825A61406004BDC4C /* ForecastTableViewCell.xib in Resources */ = {isa = PBXBuildFile; fileRef = 082299B625A61406004BDC4C /* ForecastTableViewCell.xib */; };
		085AB73A25909C8400E5A89A /* NetworkManager.swift in Sources */ = {isa = PBXBuildFile; fileRef = 085AB73925909C8400E5A89A /* NetworkManager.swift */; };
		085AB74C2590A28500E5A89A /* WeatherManager.swift in Sources */ = {isa = PBXBuildFile; fileRef = 085AB74B2590A28500E5A89A /* WeatherManager.swift */; };
		085AB7512590A2A100E5A89A /* WeatherRequest.swift in Sources */ = {isa = PBXBuildFile; fileRef = 085AB7502590A2A100E5A89A /* WeatherRequest.swift */; };
		085AB7562590A2AF00E5A89A /* WeatherCurrentResponse.swift in Sources */ = {isa = PBXBuildFile; fileRef = 085AB7552590A2AF00E5A89A /* WeatherCurrentResponse.swift */; };
		085AB75B2590A34700E5A89A /* WeatherManagerDelegate.swift in Sources */ = {isa = PBXBuildFile; fileRef = 085AB75A2590A34700E5A89A /* WeatherManagerDelegate.swift */; };
		085AB77A2590B3D800E5A89A /* APIRequest.swift in Sources */ = {isa = PBXBuildFile; fileRef = 085AB7792590B3D800E5A89A /* APIRequest.swift */; };
		086C6F8C25A74CBA00FDF943 /* WeatherType.swift in Sources */ = {isa = PBXBuildFile; fileRef = 086C6F8B25A74CBA00FDF943 /* WeatherType.swift */; };
		086CBD2F2590C2100022C804 /* WeatherCoordinate.swift in Sources */ = {isa = PBXBuildFile; fileRef = 086CBD2E2590C2100022C804 /* WeatherCoordinate.swift */; };
		086CBD372590C2310022C804 /* WeatherSystem.swift in Sources */ = {isa = PBXBuildFile; fileRef = 086CBD362590C2310022C804 /* WeatherSystem.swift */; };
		086CBD3F2590C2450022C804 /* WeatherClouds.swift in Sources */ = {isa = PBXBuildFile; fileRef = 086CBD3E2590C2450022C804 /* WeatherClouds.swift */; };
		086CBD4D2590C25E0022C804 /* WeatherWind.swift in Sources */ = {isa = PBXBuildFile; fileRef = 086CBD4C2590C25E0022C804 /* WeatherWind.swift */; };
		086CBD522590C2660022C804 /* WeatherMain.swift in Sources */ = {isa = PBXBuildFile; fileRef = 086CBD512590C2660022C804 /* WeatherMain.swift */; };
		086CBD572590C2840022C804 /* WeatherWeather.swift in Sources */ = {isa = PBXBuildFile; fileRef = 086CBD562590C2840022C804 /* WeatherWeather.swift */; };
		089971FC2590EB2000E2ABB5 /* NetworkManagable.swift in Sources */ = {isa = PBXBuildFile; fileRef = 089971FB2590EB2000E2ABB5 /* NetworkManagable.swift */; };
		089972012590EB6C00E2ABB5 /* NetworkManagableMock.swift in Sources */ = {isa = PBXBuildFile; fileRef = 089972002590EB6C00E2ABB5 /* NetworkManagableMock.swift */; };
		089972062590ECC100E2ABB5 /* DashboardViewableMock.swift in Sources */ = {isa = PBXBuildFile; fileRef = 089972052590ECC100E2ABB5 /* DashboardViewableMock.swift */; };
		0899720B2590EDA200E2ABB5 /* WeatherCurrentResponse.json in Resources */ = {isa = PBXBuildFile; fileRef = 0899720A2590EDA200E2ABB5 /* WeatherCurrentResponse.json */; };
		089972132590EDB700E2ABB5 /* WeatherForecastResponse.json in Resources */ = {isa = PBXBuildFile; fileRef = 089972122590EDB700E2ABB5 /* WeatherForecastResponse.json */; };
		0899721B2590EF4400E2ABB5 /* WeatherManagerMockDataGenerator.swift in Sources */ = {isa = PBXBuildFile; fileRef = 0899721A2590EF4400E2ABB5 /* WeatherManagerMockDataGenerator.swift */; };
		089972212590EF9A00E2ABB5 /* JSONHelper.swift in Sources */ = {isa = PBXBuildFile; fileRef = 089972202590EF9A00E2ABB5 /* JSONHelper.swift */; };
		08D7807D2590D1D30082EC32 /* WeatherRain.swift in Sources */ = {isa = PBXBuildFile; fileRef = 08D7807C2590D1D30082EC32 /* WeatherRain.swift */; };
		08D780822590D1DD0082EC32 /* WeatherSnow.swift in Sources */ = {isa = PBXBuildFile; fileRef = 08D780812590D1DD0082EC32 /* WeatherSnow.swift */; };
		08D7808D2590D8310082EC32 /* WeatherForecastResponse.swift in Sources */ = {isa = PBXBuildFile; fileRef = 08D7808C2590D8310082EC32 /* WeatherForecastResponse.swift */; };
		08D780922590D8A40082EC32 /* WeatherCity.swift in Sources */ = {isa = PBXBuildFile; fileRef = 08D780912590D8A40082EC32 /* WeatherCity.swift */; };
		08D780972590D9B10082EC32 /* WeatherForecastListItem.swift in Sources */ = {isa = PBXBuildFile; fileRef = 08D780962590D9B10082EC32 /* WeatherForecastListItem.swift */; };
		08D780B02590E7880082EC32 /* DashboardViewModelsTests.swift in Sources */ = {isa = PBXBuildFile; fileRef = 08D780AF2590E7880082EC32 /* DashboardViewModelsTests.swift */; };
		08F6FC3025A8B5F500581C19 /* SearchResultsTableViewController.swift in Sources */ = {isa = PBXBuildFile; fileRef = 08F6FC2E25A8B5F500581C19 /* SearchResultsTableViewController.swift */; };
		08F6FC3125A8B5F500581C19 /* SearchResultsTableViewController.xib in Resources */ = {isa = PBXBuildFile; fileRef = 08F6FC2F25A8B5F500581C19 /* SearchResultsTableViewController.xib */; };
		08F6FC3525A8B6AA00581C19 /* SearchResultsViewModel.swift in Sources */ = {isa = PBXBuildFile; fileRef = 08F6FC3425A8B6AA00581C19 /* SearchResultsViewModel.swift */; };
		08F6FC3925A8B8CC00581C19 /* SearchResultsViewable.swift in Sources */ = {isa = PBXBuildFile; fileRef = 08F6FC3825A8B8CC00581C19 /* SearchResultsViewable.swift */; };
		08F6FC3E25A8B90200581C19 /* SearchManager.swift in Sources */ = {isa = PBXBuildFile; fileRef = 08F6FC3D25A8B90200581C19 /* SearchManager.swift */; };
		08F6FC4425A8B96100581C19 /* SearchManagerDelegate.swift in Sources */ = {isa = PBXBuildFile; fileRef = 08F6FC4325A8B96100581C19 /* SearchManagerDelegate.swift */; };
		CBCCCCB20E582C16F4970488 /* Pods_WeatherApp.framework in Frameworks */ = {isa = PBXBuildFile; fileRef = 922EA972C3FBA43C2B34D96F /* Pods_WeatherApp.framework */; };
		CDC876A02D4E46011C6314E9 /* Pods_WeatherAppTests.framework in Frameworks */ = {isa = PBXBuildFile; fileRef = D0E8B6075EF56988E1BDEBA5 /* Pods_WeatherAppTests.framework */; };
/* End PBXBuildFile section */

/* Begin PBXContainerItemProxy section */
		080B2451257FF33400C87AA3 /* PBXContainerItemProxy */ = {
			isa = PBXContainerItemProxy;
			containerPortal = 080B2432257FF33300C87AA3 /* Project object */;
			proxyType = 1;
			remoteGlobalIDString = 080B2439257FF33300C87AA3;
			remoteInfo = WeatherApp;
		};
/* End PBXContainerItemProxy section */

/* Begin PBXFileReference section */
		0800219B258002BF00BE3870 /* Images.swift */ = {isa = PBXFileReference; lastKnownFileType = sourcecode.swift; path = Images.swift; sourceTree = "<group>"; };
		080277342582367600E7EBC1 /* DashboardViewController.swift */ = {isa = PBXFileReference; lastKnownFileType = sourcecode.swift; path = DashboardViewController.swift; sourceTree = "<group>"; };
		080277352582367600E7EBC1 /* DashboardViewController.xib */ = {isa = PBXFileReference; lastKnownFileType = file.xib; path = DashboardViewController.xib; sourceTree = "<group>"; };
		080277442582379800E7EBC1 /* DashboardViewable.swift */ = {isa = PBXFileReference; lastKnownFileType = sourcecode.swift; path = DashboardViewable.swift; sourceTree = "<group>"; };
		0802775D25823D6000E7EBC1 /* DashboardHeaderView.swift */ = {isa = PBXFileReference; lastKnownFileType = sourcecode.swift; path = DashboardHeaderView.swift; sourceTree = "<group>"; };
		0802776325823D8900E7EBC1 /* DashboardHeaderView.xib */ = {isa = PBXFileReference; lastKnownFileType = file.xib; path = DashboardHeaderView.xib; sourceTree = "<group>"; };
		080277732582431800E7EBC1 /* UIViewExtensions.swift */ = {isa = PBXFileReference; lastKnownFileType = sourcecode.swift; path = UIViewExtensions.swift; sourceTree = "<group>"; };
		080B243A257FF33300C87AA3 /* WeatherApp.app */ = {isa = PBXFileReference; explicitFileType = wrapper.application; includeInIndex = 0; path = WeatherApp.app; sourceTree = BUILT_PRODUCTS_DIR; };
		080B243D257FF33300C87AA3 /* AppDelegate.swift */ = {isa = PBXFileReference; lastKnownFileType = sourcecode.swift; path = AppDelegate.swift; sourceTree = "<group>"; };
		080B243F257FF33300C87AA3 /* SceneDelegate.swift */ = {isa = PBXFileReference; lastKnownFileType = sourcecode.swift; path = SceneDelegate.swift; sourceTree = "<group>"; };
		080B2446257FF33300C87AA3 /* Assets.xcassets */ = {isa = PBXFileReference; lastKnownFileType = folder.assetcatalog; path = Assets.xcassets; sourceTree = "<group>"; };
		080B2449257FF33300C87AA3 /* Base */ = {isa = PBXFileReference; lastKnownFileType = file.storyboard; name = Base; path = Base.lproj/LaunchScreen.storyboard; sourceTree = "<group>"; };
		080B244B257FF33300C87AA3 /* Info.plist */ = {isa = PBXFileReference; lastKnownFileType = text.plist.xml; path = Info.plist; sourceTree = "<group>"; };
		080B2450257FF33400C87AA3 /* WeatherAppTests.xctest */ = {isa = PBXFileReference; explicitFileType = wrapper.cfbundle; includeInIndex = 0; path = WeatherAppTests.xctest; sourceTree = BUILT_PRODUCTS_DIR; };
		080B2456257FF33400C87AA3 /* Info.plist */ = {isa = PBXFileReference; lastKnownFileType = text.plist.xml; path = Info.plist; sourceTree = "<group>"; };
		080B2470257FF5F600C87AA3 /* DashboardViewModel.swift */ = {isa = PBXFileReference; lastKnownFileType = sourcecode.swift; path = DashboardViewModel.swift; sourceTree = "<group>"; };
		080B247E257FF84500C87AA3 /* Theme.swift */ = {isa = PBXFileReference; lastKnownFileType = sourcecode.swift; path = Theme.swift; sourceTree = "<group>"; };
		080B2486257FF9C600C87AA3 /* AppConfig.swift */ = {isa = PBXFileReference; lastKnownFileType = sourcecode.swift; path = AppConfig.swift; sourceTree = "<group>"; };
		080B248B257FFA8000C87AA3 /* UIColorExtensions.swift */ = {isa = PBXFileReference; lastKnownFileType = sourcecode.swift; path = UIColorExtensions.swift; sourceTree = "<group>"; };
		082299A025A60027004BDC4C /* UIViewControllerExtensions.swift */ = {isa = PBXFileReference; lastKnownFileType = sourcecode.swift; path = UIViewControllerExtensions.swift; sourceTree = "<group>"; };
		082299A525A6012C004BDC4C /* Strings.swift */ = {isa = PBXFileReference; lastKnownFileType = sourcecode.swift; path = Strings.swift; sourceTree = "<group>"; };
		082299A925A60637004BDC4C /* DoubleExtensions.swift */ = {isa = PBXFileReference; lastKnownFileType = sourcecode.swift; path = DoubleExtensions.swift; sourceTree = "<group>"; };
		082299AE25A609ED004BDC4C /* DashboardHeaderViewData.swift */ = {isa = PBXFileReference; lastKnownFileType = sourcecode.swift; path = DashboardHeaderViewData.swift; sourceTree = "<group>"; };
		082299B525A61406004BDC4C /* ForecastTableViewCell.swift */ = {isa = PBXFileReference; lastKnownFileType = sourcecode.swift; path = ForecastTableViewCell.swift; sourceTree = "<group>"; };
		082299B625A61406004BDC4C /* ForecastTableViewCell.xib */ = {isa = PBXFileReference; lastKnownFileType = file.xib; path = ForecastTableViewCell.xib; sourceTree = "<group>"; };
		085AB73925909C8400E5A89A /* NetworkManager.swift */ = {isa = PBXFileReference; lastKnownFileType = sourcecode.swift; path = NetworkManager.swift; sourceTree = "<group>"; };
		085AB74B2590A28500E5A89A /* WeatherManager.swift */ = {isa = PBXFileReference; lastKnownFileType = sourcecode.swift; path = WeatherManager.swift; sourceTree = "<group>"; };
		085AB7502590A2A100E5A89A /* WeatherRequest.swift */ = {isa = PBXFileReference; lastKnownFileType = sourcecode.swift; path = WeatherRequest.swift; sourceTree = "<group>"; };
		085AB7552590A2AF00E5A89A /* WeatherCurrentResponse.swift */ = {isa = PBXFileReference; lastKnownFileType = sourcecode.swift; path = WeatherCurrentResponse.swift; sourceTree = "<group>"; };
		085AB75A2590A34700E5A89A /* WeatherManagerDelegate.swift */ = {isa = PBXFileReference; lastKnownFileType = sourcecode.swift; path = WeatherManagerDelegate.swift; sourceTree = "<group>"; };
		085AB7792590B3D800E5A89A /* APIRequest.swift */ = {isa = PBXFileReference; lastKnownFileType = sourcecode.swift; path = APIRequest.swift; sourceTree = "<group>"; };
		086C6F8B25A74CBA00FDF943 /* WeatherType.swift */ = {isa = PBXFileReference; lastKnownFileType = sourcecode.swift; path = WeatherType.swift; sourceTree = "<group>"; };
		086CBD2E2590C2100022C804 /* WeatherCoordinate.swift */ = {isa = PBXFileReference; lastKnownFileType = sourcecode.swift; path = WeatherCoordinate.swift; sourceTree = "<group>"; };
		086CBD362590C2310022C804 /* WeatherSystem.swift */ = {isa = PBXFileReference; lastKnownFileType = sourcecode.swift; path = WeatherSystem.swift; sourceTree = "<group>"; };
		086CBD3E2590C2450022C804 /* WeatherClouds.swift */ = {isa = PBXFileReference; lastKnownFileType = sourcecode.swift; path = WeatherClouds.swift; sourceTree = "<group>"; };
		086CBD4C2590C25E0022C804 /* WeatherWind.swift */ = {isa = PBXFileReference; lastKnownFileType = sourcecode.swift; path = WeatherWind.swift; sourceTree = "<group>"; };
		086CBD512590C2660022C804 /* WeatherMain.swift */ = {isa = PBXFileReference; lastKnownFileType = sourcecode.swift; path = WeatherMain.swift; sourceTree = "<group>"; };
		086CBD562590C2840022C804 /* WeatherWeather.swift */ = {isa = PBXFileReference; lastKnownFileType = sourcecode.swift; path = WeatherWeather.swift; sourceTree = "<group>"; };
		089971FB2590EB2000E2ABB5 /* NetworkManagable.swift */ = {isa = PBXFileReference; lastKnownFileType = sourcecode.swift; path = NetworkManagable.swift; sourceTree = "<group>"; };
		089972002590EB6C00E2ABB5 /* NetworkManagableMock.swift */ = {isa = PBXFileReference; lastKnownFileType = sourcecode.swift; path = NetworkManagableMock.swift; sourceTree = "<group>"; };
		089972052590ECC100E2ABB5 /* DashboardViewableMock.swift */ = {isa = PBXFileReference; lastKnownFileType = sourcecode.swift; path = DashboardViewableMock.swift; sourceTree = "<group>"; };
		0899720A2590EDA200E2ABB5 /* WeatherCurrentResponse.json */ = {isa = PBXFileReference; lastKnownFileType = text.json; path = WeatherCurrentResponse.json; sourceTree = "<group>"; };
		089972122590EDB700E2ABB5 /* WeatherForecastResponse.json */ = {isa = PBXFileReference; lastKnownFileType = text.json; path = WeatherForecastResponse.json; sourceTree = "<group>"; };
		0899721A2590EF4400E2ABB5 /* WeatherManagerMockDataGenerator.swift */ = {isa = PBXFileReference; lastKnownFileType = sourcecode.swift; path = WeatherManagerMockDataGenerator.swift; sourceTree = "<group>"; };
		089972202590EF9A00E2ABB5 /* JSONHelper.swift */ = {isa = PBXFileReference; lastKnownFileType = sourcecode.swift; path = JSONHelper.swift; sourceTree = "<group>"; };
		08D7807C2590D1D30082EC32 /* WeatherRain.swift */ = {isa = PBXFileReference; lastKnownFileType = sourcecode.swift; path = WeatherRain.swift; sourceTree = "<group>"; };
		08D780812590D1DD0082EC32 /* WeatherSnow.swift */ = {isa = PBXFileReference; lastKnownFileType = sourcecode.swift; path = WeatherSnow.swift; sourceTree = "<group>"; };
		08D7808C2590D8310082EC32 /* WeatherForecastResponse.swift */ = {isa = PBXFileReference; lastKnownFileType = sourcecode.swift; path = WeatherForecastResponse.swift; sourceTree = "<group>"; };
		08D780912590D8A40082EC32 /* WeatherCity.swift */ = {isa = PBXFileReference; lastKnownFileType = sourcecode.swift; path = WeatherCity.swift; sourceTree = "<group>"; };
		08D780962590D9B10082EC32 /* WeatherForecastListItem.swift */ = {isa = PBXFileReference; lastKnownFileType = sourcecode.swift; path = WeatherForecastListItem.swift; sourceTree = "<group>"; };
		08D780AF2590E7880082EC32 /* DashboardViewModelsTests.swift */ = {isa = PBXFileReference; lastKnownFileType = sourcecode.swift; path = DashboardViewModelsTests.swift; sourceTree = "<group>"; };
		08F6FC2E25A8B5F500581C19 /* SearchResultsTableViewController.swift */ = {isa = PBXFileReference; lastKnownFileType = sourcecode.swift; path = SearchResultsTableViewController.swift; sourceTree = "<group>"; };
		08F6FC2F25A8B5F500581C19 /* SearchResultsTableViewController.xib */ = {isa = PBXFileReference; lastKnownFileType = file.xib; path = SearchResultsTableViewController.xib; sourceTree = "<group>"; };
		08F6FC3425A8B6AA00581C19 /* SearchResultsViewModel.swift */ = {isa = PBXFileReference; lastKnownFileType = sourcecode.swift; path = SearchResultsViewModel.swift; sourceTree = "<group>"; };
		08F6FC3825A8B8CC00581C19 /* SearchResultsViewable.swift */ = {isa = PBXFileReference; lastKnownFileType = sourcecode.swift; path = SearchResultsViewable.swift; sourceTree = "<group>"; };
		08F6FC3D25A8B90200581C19 /* SearchManager.swift */ = {isa = PBXFileReference; lastKnownFileType = sourcecode.swift; path = SearchManager.swift; sourceTree = "<group>"; };
		08F6FC4325A8B96100581C19 /* SearchManagerDelegate.swift */ = {isa = PBXFileReference; lastKnownFileType = sourcecode.swift; path = SearchManagerDelegate.swift; sourceTree = "<group>"; };
		14B67D4173C659ED02FF8F1D /* Pods-WeatherAppTests.debug.xcconfig */ = {isa = PBXFileReference; includeInIndex = 1; lastKnownFileType = text.xcconfig; name = "Pods-WeatherAppTests.debug.xcconfig"; path = "Target Support Files/Pods-WeatherAppTests/Pods-WeatherAppTests.debug.xcconfig"; sourceTree = "<group>"; };
		15460B40C636F439B974231F /* Pods-WeatherApp.release.xcconfig */ = {isa = PBXFileReference; includeInIndex = 1; lastKnownFileType = text.xcconfig; name = "Pods-WeatherApp.release.xcconfig"; path = "Target Support Files/Pods-WeatherApp/Pods-WeatherApp.release.xcconfig"; sourceTree = "<group>"; };
		922EA972C3FBA43C2B34D96F /* Pods_WeatherApp.framework */ = {isa = PBXFileReference; explicitFileType = wrapper.framework; includeInIndex = 0; path = Pods_WeatherApp.framework; sourceTree = BUILT_PRODUCTS_DIR; };
		A1B6E566BF7D694104A3AE19 /* Pods-WeatherAppTests.release.xcconfig */ = {isa = PBXFileReference; includeInIndex = 1; lastKnownFileType = text.xcconfig; name = "Pods-WeatherAppTests.release.xcconfig"; path = "Target Support Files/Pods-WeatherAppTests/Pods-WeatherAppTests.release.xcconfig"; sourceTree = "<group>"; };
		ADAE980E8A3BF2313B6CA919 /* Pods-WeatherApp.debug.xcconfig */ = {isa = PBXFileReference; includeInIndex = 1; lastKnownFileType = text.xcconfig; name = "Pods-WeatherApp.debug.xcconfig"; path = "Target Support Files/Pods-WeatherApp/Pods-WeatherApp.debug.xcconfig"; sourceTree = "<group>"; };
		BA3BFD73436FEACB64B38EC8 /* Pods-WeatherApp-WeatherAppUITests.release.xcconfig */ = {isa = PBXFileReference; includeInIndex = 1; lastKnownFileType = text.xcconfig; name = "Pods-WeatherApp-WeatherAppUITests.release.xcconfig"; path = "Target Support Files/Pods-WeatherApp-WeatherAppUITests/Pods-WeatherApp-WeatherAppUITests.release.xcconfig"; sourceTree = "<group>"; };
		CBCF36F26BDF05DE116FB01D /* Pods-WeatherApp-WeatherAppUITests.debug.xcconfig */ = {isa = PBXFileReference; includeInIndex = 1; lastKnownFileType = text.xcconfig; name = "Pods-WeatherApp-WeatherAppUITests.debug.xcconfig"; path = "Target Support Files/Pods-WeatherApp-WeatherAppUITests/Pods-WeatherApp-WeatherAppUITests.debug.xcconfig"; sourceTree = "<group>"; };
		D0E8B6075EF56988E1BDEBA5 /* Pods_WeatherAppTests.framework */ = {isa = PBXFileReference; explicitFileType = wrapper.framework; includeInIndex = 0; path = Pods_WeatherAppTests.framework; sourceTree = BUILT_PRODUCTS_DIR; };
		E203F918B44395D020ECEC26 /* Pods_WeatherApp_WeatherAppUITests.framework */ = {isa = PBXFileReference; explicitFileType = wrapper.framework; includeInIndex = 0; path = Pods_WeatherApp_WeatherAppUITests.framework; sourceTree = BUILT_PRODUCTS_DIR; };
/* End PBXFileReference section */

/* Begin PBXFrameworksBuildPhase section */
		080B2437257FF33300C87AA3 /* Frameworks */ = {
			isa = PBXFrameworksBuildPhase;
			buildActionMask = 2147483647;
			files = (
				CBCCCCB20E582C16F4970488 /* Pods_WeatherApp.framework in Frameworks */,
			);
			runOnlyForDeploymentPostprocessing = 0;
		};
		080B244D257FF33400C87AA3 /* Frameworks */ = {
			isa = PBXFrameworksBuildPhase;
			buildActionMask = 2147483647;
			files = (
				CDC876A02D4E46011C6314E9 /* Pods_WeatherAppTests.framework in Frameworks */,
			);
			runOnlyForDeploymentPostprocessing = 0;
		};
/* End PBXFrameworksBuildPhase section */

/* Begin PBXGroup section */
		080277332582364900E7EBC1 /* Networking */ = {
			isa = PBXGroup;
			children = (
				085AB7782590B3C900E5A89A /* Common */,
				085AB74A2590A24000E5A89A /* Weather */,
				08F6FC3C25A8B8F100581C19 /* Search */,
				085AB73925909C8400E5A89A /* NetworkManager.swift */,
				089971FB2590EB2000E2ABB5 /* NetworkManagable.swift */,
			);
			path = Networking;
			sourceTree = "<group>";
		};
		08027751258238A700E7EBC1 /* Assets */ = {
			isa = PBXGroup;
			children = (
				080B2446257FF33300C87AA3 /* Assets.xcassets */,
			);
			path = Assets;
			sourceTree = "<group>";
		};
		0802775C25823D1000E7EBC1 /* TableViewCells */ = {
			isa = PBXGroup;
			children = (
				082299B425A613E0004BDC4C /* ForecastCell */,
				0802776225823D7700E7EBC1 /* DashboardHeaderView */,
			);
			path = TableViewCells;
			sourceTree = "<group>";
		};
		0802776225823D7700E7EBC1 /* DashboardHeaderView */ = {
			isa = PBXGroup;
			children = (
				0802775D25823D6000E7EBC1 /* DashboardHeaderView.swift */,
				0802776325823D8900E7EBC1 /* DashboardHeaderView.xib */,
				082299AE25A609ED004BDC4C /* DashboardHeaderViewData.swift */,
			);
			path = DashboardHeaderView;
			sourceTree = "<group>";
		};
		080B2431257FF33300C87AA3 = {
			isa = PBXGroup;
			children = (
				080B243C257FF33300C87AA3 /* WeatherApp */,
				080B2453257FF33400C87AA3 /* WeatherAppTests */,
				080B243B257FF33300C87AA3 /* Products */,
				3833E8A7BD924FD044BE2E6A /* Pods */,
				F817AE8587F95EDA8B220420 /* Frameworks */,
			);
			sourceTree = "<group>";
		};
		080B243B257FF33300C87AA3 /* Products */ = {
			isa = PBXGroup;
			children = (
				080B243A257FF33300C87AA3 /* WeatherApp.app */,
				080B2450257FF33400C87AA3 /* WeatherAppTests.xctest */,
			);
			name = Products;
			sourceTree = "<group>";
		};
		080B243C257FF33300C87AA3 /* WeatherApp */ = {
			isa = PBXGroup;
			children = (
				08027751258238A700E7EBC1 /* Assets */,
				082299A425A60112004BDC4C /* Global */,
				080B2498257FFA9E00C87AA3 /* AppConfig */,
				080B2497257FFA8B00C87AA3 /* Views */,
				080B2493257FFA8400C87AA3 /* Extensions */,
				080277332582364900E7EBC1 /* Networking */,
			);
			path = WeatherApp;
			sourceTree = "<group>";
		};
		080B2453257FF33400C87AA3 /* WeatherAppTests */ = {
			isa = PBXGroup;
			children = (
				0899721F2590EF9000E2ABB5 /* Helpers */,
				08D7809B2590E6EA0082EC32 /* Dashboard */,
				080B2456257FF33400C87AA3 /* Info.plist */,
			);
			path = WeatherAppTests;
			sourceTree = "<group>";
		};
		080B2493257FFA8400C87AA3 /* Extensions */ = {
			isa = PBXGroup;
			children = (
				080B248B257FFA8000C87AA3 /* UIColorExtensions.swift */,
				080277732582431800E7EBC1 /* UIViewExtensions.swift */,
				082299A025A60027004BDC4C /* UIViewControllerExtensions.swift */,
				082299A925A60637004BDC4C /* DoubleExtensions.swift */,
			);
			path = Extensions;
			sourceTree = "<group>";
		};
		080B2497257FFA8B00C87AA3 /* Views */ = {
			isa = PBXGroup;
			children = (
				08F6FC1D25A8B40D00581C19 /* Search */,
				080B2499257FFAB700C87AA3 /* Dashboard */,
			);
			path = Views;
			sourceTree = "<group>";
		};
		080B2498257FFA9E00C87AA3 /* AppConfig */ = {
			isa = PBXGroup;
			children = (
				080B244B257FF33300C87AA3 /* Info.plist */,
				080B243D257FF33300C87AA3 /* AppDelegate.swift */,
				080B243F257FF33300C87AA3 /* SceneDelegate.swift */,
				080B2486257FF9C600C87AA3 /* AppConfig.swift */,
				080B2448257FF33300C87AA3 /* LaunchScreen.storyboard */,
			);
			path = AppConfig;
			sourceTree = "<group>";
		};
		080B2499257FFAB700C87AA3 /* Dashboard */ = {
			isa = PBXGroup;
			children = (
				0802775C25823D1000E7EBC1 /* TableViewCells */,
				080277352582367600E7EBC1 /* DashboardViewController.xib */,
				080277342582367600E7EBC1 /* DashboardViewController.swift */,
				080B2470257FF5F600C87AA3 /* DashboardViewModel.swift */,
				080277442582379800E7EBC1 /* DashboardViewable.swift */,
			);
			path = Dashboard;
			sourceTree = "<group>";
		};
		082299A425A60112004BDC4C /* Global */ = {
			isa = PBXGroup;
			children = (
				080B247E257FF84500C87AA3 /* Theme.swift */,
				0800219B258002BF00BE3870 /* Images.swift */,
				082299A525A6012C004BDC4C /* Strings.swift */,
			);
			path = Global;
			sourceTree = "<group>";
		};
		082299B425A613E0004BDC4C /* ForecastCell */ = {
			isa = PBXGroup;
			children = (
				082299B525A61406004BDC4C /* ForecastTableViewCell.swift */,
				082299B625A61406004BDC4C /* ForecastTableViewCell.xib */,
			);
			path = ForecastCell;
			sourceTree = "<group>";
		};
		085AB74A2590A24000E5A89A /* Weather */ = {
			isa = PBXGroup;
			children = (
				08D780872590D7EF0082EC32 /* Request */,
				086CBD2D2590C16A0022C804 /* Model */,
				085AB74B2590A28500E5A89A /* WeatherManager.swift */,
				085AB75A2590A34700E5A89A /* WeatherManagerDelegate.swift */,
			);
			path = Weather;
			sourceTree = "<group>";
		};
		085AB75F2590A35F00E5A89A /* Current */ = {
			isa = PBXGroup;
			children = (
				085AB7552590A2AF00E5A89A /* WeatherCurrentResponse.swift */,
			);
			path = Current;
			sourceTree = "<group>";
		};
		085AB7782590B3C900E5A89A /* Common */ = {
			isa = PBXGroup;
			children = (
				085AB7792590B3D800E5A89A /* APIRequest.swift */,
			);
			path = Common;
			sourceTree = "<group>";
		};
		086CBD2D2590C16A0022C804 /* Model */ = {
			isa = PBXGroup;
			children = (
				08D780882590D8100082EC32 /* Common */,
				08D780862590D7D20082EC32 /* Forecast */,
				085AB75F2590A35F00E5A89A /* Current */,
			);
			path = Model;
			sourceTree = "<group>";
		};
		0899721F2590EF9000E2ABB5 /* Helpers */ = {
			isa = PBXGroup;
			children = (
				089972202590EF9A00E2ABB5 /* JSONHelper.swift */,
			);
			path = Helpers;
			sourceTree = "<group>";
		};
		08D780862590D7D20082EC32 /* Forecast */ = {
			isa = PBXGroup;
			children = (
				08D7808C2590D8310082EC32 /* WeatherForecastResponse.swift */,
				08D780912590D8A40082EC32 /* WeatherCity.swift */,
				08D780962590D9B10082EC32 /* WeatherForecastListItem.swift */,
			);
			path = Forecast;
			sourceTree = "<group>";
		};
		08D780872590D7EF0082EC32 /* Request */ = {
			isa = PBXGroup;
			children = (
				085AB7502590A2A100E5A89A /* WeatherRequest.swift */,
			);
			path = Request;
			sourceTree = "<group>";
		};
		08D780882590D8100082EC32 /* Common */ = {
			isa = PBXGroup;
			children = (
				086CBD2E2590C2100022C804 /* WeatherCoordinate.swift */,
				086CBD362590C2310022C804 /* WeatherSystem.swift */,
				086CBD3E2590C2450022C804 /* WeatherClouds.swift */,
				086CBD4C2590C25E0022C804 /* WeatherWind.swift */,
				086CBD562590C2840022C804 /* WeatherWeather.swift */,
				086CBD512590C2660022C804 /* WeatherMain.swift */,
				08D7807C2590D1D30082EC32 /* WeatherRain.swift */,
				08D780812590D1DD0082EC32 /* WeatherSnow.swift */,
				086C6F8B25A74CBA00FDF943 /* WeatherType.swift */,
			);
			path = Common;
			sourceTree = "<group>";
		};
		08D7809B2590E6EA0082EC32 /* Dashboard */ = {
			isa = PBXGroup;
			children = (
				08D7809C2590E7090082EC32 /* Mock */,
				08D780AF2590E7880082EC32 /* DashboardViewModelsTests.swift */,
			);
			path = Dashboard;
			sourceTree = "<group>";
		};
		08D7809C2590E7090082EC32 /* Mock */ = {
			isa = PBXGroup;
			children = (
				089972122590EDB700E2ABB5 /* WeatherForecastResponse.json */,
				0899720A2590EDA200E2ABB5 /* WeatherCurrentResponse.json */,
				089972002590EB6C00E2ABB5 /* NetworkManagableMock.swift */,
				089972052590ECC100E2ABB5 /* DashboardViewableMock.swift */,
				0899721A2590EF4400E2ABB5 /* WeatherManagerMockDataGenerator.swift */,
			);
			path = Mock;
			sourceTree = "<group>";
		};
		08F6FC1D25A8B40D00581C19 /* Search */ = {
			isa = PBXGroup;
			children = (
				08F6FC2F25A8B5F500581C19 /* SearchResultsTableViewController.xib */,
				08F6FC2E25A8B5F500581C19 /* SearchResultsTableViewController.swift */,
				08F6FC3425A8B6AA00581C19 /* SearchResultsViewModel.swift */,
				08F6FC3825A8B8CC00581C19 /* SearchResultsViewable.swift */,
			);
			path = Search;
			sourceTree = "<group>";
		};
		08F6FC3C25A8B8F100581C19 /* Search */ = {
			isa = PBXGroup;
			children = (
				08F6FC3D25A8B90200581C19 /* SearchManager.swift */,
				08F6FC4325A8B96100581C19 /* SearchManagerDelegate.swift */,
			);
			path = Search;
			sourceTree = "<group>";
		};
		3833E8A7BD924FD044BE2E6A /* Pods */ = {
			isa = PBXGroup;
			children = (
				ADAE980E8A3BF2313B6CA919 /* Pods-WeatherApp.debug.xcconfig */,
				15460B40C636F439B974231F /* Pods-WeatherApp.release.xcconfig */,
				CBCF36F26BDF05DE116FB01D /* Pods-WeatherApp-WeatherAppUITests.debug.xcconfig */,
				BA3BFD73436FEACB64B38EC8 /* Pods-WeatherApp-WeatherAppUITests.release.xcconfig */,
				14B67D4173C659ED02FF8F1D /* Pods-WeatherAppTests.debug.xcconfig */,
				A1B6E566BF7D694104A3AE19 /* Pods-WeatherAppTests.release.xcconfig */,
			);
			path = Pods;
			sourceTree = "<group>";
		};
		F817AE8587F95EDA8B220420 /* Frameworks */ = {
			isa = PBXGroup;
			children = (
				922EA972C3FBA43C2B34D96F /* Pods_WeatherApp.framework */,
				E203F918B44395D020ECEC26 /* Pods_WeatherApp_WeatherAppUITests.framework */,
				D0E8B6075EF56988E1BDEBA5 /* Pods_WeatherAppTests.framework */,
			);
			name = Frameworks;
			sourceTree = "<group>";
		};
/* End PBXGroup section */

/* Begin PBXNativeTarget section */
		080B2439257FF33300C87AA3 /* WeatherApp */ = {
			isa = PBXNativeTarget;
			buildConfigurationList = 080B2464257FF33400C87AA3 /* Build configuration list for PBXNativeTarget "WeatherApp" */;
			buildPhases = (
				5190D7B4CEA02D05DCBFFF84 /* [CP] Check Pods Manifest.lock */,
				080B2436257FF33300C87AA3 /* Sources */,
				080B2437257FF33300C87AA3 /* Frameworks */,
				080B2438257FF33300C87AA3 /* Resources */,
				014C46F014B2FFCBB8958ED2 /* [CP] Embed Pods Frameworks */,
			);
			buildRules = (
			);
			dependencies = (
			);
			name = WeatherApp;
			productName = WeatherApp;
			productReference = 080B243A257FF33300C87AA3 /* WeatherApp.app */;
			productType = "com.apple.product-type.application";
		};
		080B244F257FF33400C87AA3 /* WeatherAppTests */ = {
			isa = PBXNativeTarget;
			buildConfigurationList = 080B2467257FF33400C87AA3 /* Build configuration list for PBXNativeTarget "WeatherAppTests" */;
			buildPhases = (
				68FF11FDA7CA7D7D84439515 /* [CP] Check Pods Manifest.lock */,
				080B244C257FF33400C87AA3 /* Sources */,
				080B244D257FF33400C87AA3 /* Frameworks */,
				080B244E257FF33400C87AA3 /* Resources */,
				EAF783817CBB19E94CB53C6E /* [CP] Embed Pods Frameworks */,
			);
			buildRules = (
			);
			dependencies = (
				080B2452257FF33400C87AA3 /* PBXTargetDependency */,
			);
			name = WeatherAppTests;
			productName = WeatherAppTests;
			productReference = 080B2450257FF33400C87AA3 /* WeatherAppTests.xctest */;
			productType = "com.apple.product-type.bundle.unit-test";
		};
/* End PBXNativeTarget section */

/* Begin PBXProject section */
		080B2432257FF33300C87AA3 /* Project object */ = {
			isa = PBXProject;
			attributes = {
				LastSwiftUpdateCheck = 1210;
				LastUpgradeCheck = 1210;
				TargetAttributes = {
					080B2439257FF33300C87AA3 = {
						CreatedOnToolsVersion = 12.1;
					};
					080B244F257FF33400C87AA3 = {
						CreatedOnToolsVersion = 12.1;
						TestTargetID = 080B2439257FF33300C87AA3;
					};
				};
			};
			buildConfigurationList = 080B2435257FF33300C87AA3 /* Build configuration list for PBXProject "WeatherApp" */;
			compatibilityVersion = "Xcode 9.3";
			developmentRegion = en;
			hasScannedForEncodings = 0;
			knownRegions = (
				en,
				Base,
			);
			mainGroup = 080B2431257FF33300C87AA3;
			productRefGroup = 080B243B257FF33300C87AA3 /* Products */;
			projectDirPath = "";
			projectRoot = "";
			targets = (
				080B2439257FF33300C87AA3 /* WeatherApp */,
				080B244F257FF33400C87AA3 /* WeatherAppTests */,
			);
		};
/* End PBXProject section */

/* Begin PBXResourcesBuildPhase section */
		080B2438257FF33300C87AA3 /* Resources */ = {
			isa = PBXResourcesBuildPhase;
			buildActionMask = 2147483647;
			files = (
				08F6FC3125A8B5F500581C19 /* SearchResultsTableViewController.xib in Resources */,
				0802776425823D8900E7EBC1 /* DashboardHeaderView.xib in Resources */,
				082299B825A61406004BDC4C /* ForecastTableViewCell.xib in Resources */,
				080B244A257FF33300C87AA3 /* LaunchScreen.storyboard in Resources */,
				080B2447257FF33300C87AA3 /* Assets.xcassets in Resources */,
				080277372582367600E7EBC1 /* DashboardViewController.xib in Resources */,
			);
			runOnlyForDeploymentPostprocessing = 0;
		};
		080B244E257FF33400C87AA3 /* Resources */ = {
			isa = PBXResourcesBuildPhase;
			buildActionMask = 2147483647;
			files = (
				089972132590EDB700E2ABB5 /* WeatherForecastResponse.json in Resources */,
				0899720B2590EDA200E2ABB5 /* WeatherCurrentResponse.json in Resources */,
			);
			runOnlyForDeploymentPostprocessing = 0;
		};
/* End PBXResourcesBuildPhase section */

/* Begin PBXShellScriptBuildPhase section */
		014C46F014B2FFCBB8958ED2 /* [CP] Embed Pods Frameworks */ = {
			isa = PBXShellScriptBuildPhase;
			buildActionMask = 2147483647;
			files = (
			);
			inputFileListPaths = (
				"${PODS_ROOT}/Target Support Files/Pods-WeatherApp/Pods-WeatherApp-frameworks-${CONFIGURATION}-input-files.xcfilelist",
			);
			name = "[CP] Embed Pods Frameworks";
			outputFileListPaths = (
				"${PODS_ROOT}/Target Support Files/Pods-WeatherApp/Pods-WeatherApp-frameworks-${CONFIGURATION}-output-files.xcfilelist",
			);
			runOnlyForDeploymentPostprocessing = 0;
			shellPath = /bin/sh;
			shellScript = "\"${PODS_ROOT}/Target Support Files/Pods-WeatherApp/Pods-WeatherApp-frameworks.sh\"\n";
			showEnvVarsInLog = 0;
		};
		5190D7B4CEA02D05DCBFFF84 /* [CP] Check Pods Manifest.lock */ = {
			isa = PBXShellScriptBuildPhase;
			buildActionMask = 2147483647;
			files = (
			);
			inputFileListPaths = (
			);
			inputPaths = (
				"${PODS_PODFILE_DIR_PATH}/Podfile.lock",
				"${PODS_ROOT}/Manifest.lock",
			);
			name = "[CP] Check Pods Manifest.lock";
			outputFileListPaths = (
			);
			outputPaths = (
				"$(DERIVED_FILE_DIR)/Pods-WeatherApp-checkManifestLockResult.txt",
			);
			runOnlyForDeploymentPostprocessing = 0;
			shellPath = /bin/sh;
			shellScript = "diff \"${PODS_PODFILE_DIR_PATH}/Podfile.lock\" \"${PODS_ROOT}/Manifest.lock\" > /dev/null\nif [ $? != 0 ] ; then\n    # print error to STDERR\n    echo \"error: The sandbox is not in sync with the Podfile.lock. Run 'pod install' or update your CocoaPods installation.\" >&2\n    exit 1\nfi\n# This output is used by Xcode 'outputs' to avoid re-running this script phase.\necho \"SUCCESS\" > \"${SCRIPT_OUTPUT_FILE_0}\"\n";
			showEnvVarsInLog = 0;
		};
		68FF11FDA7CA7D7D84439515 /* [CP] Check Pods Manifest.lock */ = {
			isa = PBXShellScriptBuildPhase;
			buildActionMask = 2147483647;
			files = (
			);
			inputFileListPaths = (
			);
			inputPaths = (
				"${PODS_PODFILE_DIR_PATH}/Podfile.lock",
				"${PODS_ROOT}/Manifest.lock",
			);
			name = "[CP] Check Pods Manifest.lock";
			outputFileListPaths = (
			);
			outputPaths = (
				"$(DERIVED_FILE_DIR)/Pods-WeatherAppTests-checkManifestLockResult.txt",
			);
			runOnlyForDeploymentPostprocessing = 0;
			shellPath = /bin/sh;
			shellScript = "diff \"${PODS_PODFILE_DIR_PATH}/Podfile.lock\" \"${PODS_ROOT}/Manifest.lock\" > /dev/null\nif [ $? != 0 ] ; then\n    # print error to STDERR\n    echo \"error: The sandbox is not in sync with the Podfile.lock. Run 'pod install' or update your CocoaPods installation.\" >&2\n    exit 1\nfi\n# This output is used by Xcode 'outputs' to avoid re-running this script phase.\necho \"SUCCESS\" > \"${SCRIPT_OUTPUT_FILE_0}\"\n";
			showEnvVarsInLog = 0;
		};
		EAF783817CBB19E94CB53C6E /* [CP] Embed Pods Frameworks */ = {
			isa = PBXShellScriptBuildPhase;
			buildActionMask = 2147483647;
			files = (
			);
			inputFileListPaths = (
				"${PODS_ROOT}/Target Support Files/Pods-WeatherAppTests/Pods-WeatherAppTests-frameworks-${CONFIGURATION}-input-files.xcfilelist",
			);
			name = "[CP] Embed Pods Frameworks";
			outputFileListPaths = (
				"${PODS_ROOT}/Target Support Files/Pods-WeatherAppTests/Pods-WeatherAppTests-frameworks-${CONFIGURATION}-output-files.xcfilelist",
			);
			runOnlyForDeploymentPostprocessing = 0;
			shellPath = /bin/sh;
			shellScript = "\"${PODS_ROOT}/Target Support Files/Pods-WeatherAppTests/Pods-WeatherAppTests-frameworks.sh\"\n";
			showEnvVarsInLog = 0;
		};
/* End PBXShellScriptBuildPhase section */

/* Begin PBXSourcesBuildPhase section */
		080B2436257FF33300C87AA3 /* Sources */ = {
			isa = PBXSourcesBuildPhase;
			buildActionMask = 2147483647;
			files = (
				0802775E25823D6000E7EBC1 /* DashboardHeaderView.swift in Sources */,
				08D780972590D9B10082EC32 /* WeatherForecastListItem.swift in Sources */,
				085AB7512590A2A100E5A89A /* WeatherRequest.swift in Sources */,
				080277362582367600E7EBC1 /* DashboardViewController.swift in Sources */,
				085AB73A25909C8400E5A89A /* NetworkManager.swift in Sources */,
				08D780822590D1DD0082EC32 /* WeatherSnow.swift in Sources */,
				085AB7562590A2AF00E5A89A /* WeatherCurrentResponse.swift in Sources */,
				085AB77A2590B3D800E5A89A /* APIRequest.swift in Sources */,
				080B248C257FFA8000C87AA3 /* UIColorExtensions.swift in Sources */,
				082299AA25A60637004BDC4C /* DoubleExtensions.swift in Sources */,
				082299B725A61406004BDC4C /* ForecastTableViewCell.swift in Sources */,
				08F6FC3925A8B8CC00581C19 /* SearchResultsViewable.swift in Sources */,
				080B243E257FF33300C87AA3 /* AppDelegate.swift in Sources */,
				086CBD522590C2660022C804 /* WeatherMain.swift in Sources */,
				080B247F257FF84500C87AA3 /* Theme.swift in Sources */,
				08D7807D2590D1D30082EC32 /* WeatherRain.swift in Sources */,
				086CBD4D2590C25E0022C804 /* WeatherWind.swift in Sources */,
				086CBD3F2590C2450022C804 /* WeatherClouds.swift in Sources */,
				08F6FC4425A8B96100581C19 /* SearchManagerDelegate.swift in Sources */,
				085AB75B2590A34700E5A89A /* WeatherManagerDelegate.swift in Sources */,
				086CBD372590C2310022C804 /* WeatherSystem.swift in Sources */,
				082299A625A6012C004BDC4C /* Strings.swift in Sources */,
				080277452582379800E7EBC1 /* DashboardViewable.swift in Sources */,
				080B2487257FF9C600C87AA3 /* AppConfig.swift in Sources */,
				0800219C258002BF00BE3870 /* Images.swift in Sources */,
				08F6FC3E25A8B90200581C19 /* SearchManager.swift in Sources */,
				082299A125A60027004BDC4C /* UIViewControllerExtensions.swift in Sources */,
				080B2471257FF5F600C87AA3 /* DashboardViewModel.swift in Sources */,
				085AB74C2590A28500E5A89A /* WeatherManager.swift in Sources */,
				08D7808D2590D8310082EC32 /* WeatherForecastResponse.swift in Sources */,
				086CBD572590C2840022C804 /* WeatherWeather.swift in Sources */,
				089971FC2590EB2000E2ABB5 /* NetworkManagable.swift in Sources */,
				080277742582431800E7EBC1 /* UIViewExtensions.swift in Sources */,
				08F6FC3525A8B6AA00581C19 /* SearchResultsViewModel.swift in Sources */,
				086C6F8C25A74CBA00FDF943 /* WeatherType.swift in Sources */,
				082299AF25A609ED004BDC4C /* DashboardHeaderViewData.swift in Sources */,
				08F6FC3025A8B5F500581C19 /* SearchResultsTableViewController.swift in Sources */,
				08D780922590D8A40082EC32 /* WeatherCity.swift in Sources */,
				080B2440257FF33300C87AA3 /* SceneDelegate.swift in Sources */,
				086CBD2F2590C2100022C804 /* WeatherCoordinate.swift in Sources */,
			);
			runOnlyForDeploymentPostprocessing = 0;
		};
		080B244C257FF33400C87AA3 /* Sources */ = {
			isa = PBXSourcesBuildPhase;
			buildActionMask = 2147483647;
			files = (
				08D780B02590E7880082EC32 /* DashboardViewModelsTests.swift in Sources */,
				089972062590ECC100E2ABB5 /* DashboardViewableMock.swift in Sources */,
				0899721B2590EF4400E2ABB5 /* WeatherManagerMockDataGenerator.swift in Sources */,
				089972012590EB6C00E2ABB5 /* NetworkManagableMock.swift in Sources */,
				089972212590EF9A00E2ABB5 /* JSONHelper.swift in Sources */,
			);
			runOnlyForDeploymentPostprocessing = 0;
		};
/* End PBXSourcesBuildPhase section */

/* Begin PBXTargetDependency section */
		080B2452257FF33400C87AA3 /* PBXTargetDependency */ = {
			isa = PBXTargetDependency;
			target = 080B2439257FF33300C87AA3 /* WeatherApp */;
			targetProxy = 080B2451257FF33400C87AA3 /* PBXContainerItemProxy */;
		};
/* End PBXTargetDependency section */

/* Begin PBXVariantGroup section */
		080B2448257FF33300C87AA3 /* LaunchScreen.storyboard */ = {
			isa = PBXVariantGroup;
			children = (
				080B2449257FF33300C87AA3 /* Base */,
			);
			name = LaunchScreen.storyboard;
			sourceTree = "<group>";
		};
/* End PBXVariantGroup section */

/* Begin XCBuildConfiguration section */
		080B2462257FF33400C87AA3 /* Debug */ = {
			isa = XCBuildConfiguration;
			buildSettings = {
				ALWAYS_SEARCH_USER_PATHS = NO;
				CLANG_ANALYZER_NONNULL = YES;
				CLANG_ANALYZER_NUMBER_OBJECT_CONVERSION = YES_AGGRESSIVE;
				CLANG_CXX_LANGUAGE_STANDARD = "gnu++14";
				CLANG_CXX_LIBRARY = "libc++";
				CLANG_ENABLE_MODULES = YES;
				CLANG_ENABLE_OBJC_ARC = YES;
				CLANG_ENABLE_OBJC_WEAK = YES;
				CLANG_WARN_BLOCK_CAPTURE_AUTORELEASING = YES;
				CLANG_WARN_BOOL_CONVERSION = YES;
				CLANG_WARN_COMMA = YES;
				CLANG_WARN_CONSTANT_CONVERSION = YES;
				CLANG_WARN_DEPRECATED_OBJC_IMPLEMENTATIONS = YES;
				CLANG_WARN_DIRECT_OBJC_ISA_USAGE = YES_ERROR;
				CLANG_WARN_DOCUMENTATION_COMMENTS = YES;
				CLANG_WARN_EMPTY_BODY = YES;
				CLANG_WARN_ENUM_CONVERSION = YES;
				CLANG_WARN_INFINITE_RECURSION = YES;
				CLANG_WARN_INT_CONVERSION = YES;
				CLANG_WARN_NON_LITERAL_NULL_CONVERSION = YES;
				CLANG_WARN_OBJC_IMPLICIT_RETAIN_SELF = YES;
				CLANG_WARN_OBJC_LITERAL_CONVERSION = YES;
				CLANG_WARN_OBJC_ROOT_CLASS = YES_ERROR;
				CLANG_WARN_QUOTED_INCLUDE_IN_FRAMEWORK_HEADER = YES;
				CLANG_WARN_RANGE_LOOP_ANALYSIS = YES;
				CLANG_WARN_STRICT_PROTOTYPES = YES;
				CLANG_WARN_SUSPICIOUS_MOVE = YES;
				CLANG_WARN_UNGUARDED_AVAILABILITY = YES_AGGRESSIVE;
				CLANG_WARN_UNREACHABLE_CODE = YES;
				CLANG_WARN__DUPLICATE_METHOD_MATCH = YES;
				COPY_PHASE_STRIP = NO;
				DEBUG_INFORMATION_FORMAT = dwarf;
				ENABLE_STRICT_OBJC_MSGSEND = YES;
				ENABLE_TESTABILITY = YES;
				GCC_C_LANGUAGE_STANDARD = gnu11;
				GCC_DYNAMIC_NO_PIC = NO;
				GCC_NO_COMMON_BLOCKS = YES;
				GCC_OPTIMIZATION_LEVEL = 0;
				GCC_PREPROCESSOR_DEFINITIONS = (
					"DEBUG=1",
					"$(inherited)",
				);
				GCC_WARN_64_TO_32_BIT_CONVERSION = YES;
				GCC_WARN_ABOUT_RETURN_TYPE = YES_ERROR;
				GCC_WARN_UNDECLARED_SELECTOR = YES;
				GCC_WARN_UNINITIALIZED_AUTOS = YES_AGGRESSIVE;
				GCC_WARN_UNUSED_FUNCTION = YES;
				GCC_WARN_UNUSED_VARIABLE = YES;
				IPHONEOS_DEPLOYMENT_TARGET = 14.1;
				MTL_ENABLE_DEBUG_INFO = INCLUDE_SOURCE;
				MTL_FAST_MATH = YES;
				ONLY_ACTIVE_ARCH = YES;
				SDKROOT = iphoneos;
				SWIFT_ACTIVE_COMPILATION_CONDITIONS = DEBUG;
				SWIFT_OPTIMIZATION_LEVEL = "-Onone";
			};
			name = Debug;
		};
		080B2463257FF33400C87AA3 /* Release */ = {
			isa = XCBuildConfiguration;
			buildSettings = {
				ALWAYS_SEARCH_USER_PATHS = NO;
				CLANG_ANALYZER_NONNULL = YES;
				CLANG_ANALYZER_NUMBER_OBJECT_CONVERSION = YES_AGGRESSIVE;
				CLANG_CXX_LANGUAGE_STANDARD = "gnu++14";
				CLANG_CXX_LIBRARY = "libc++";
				CLANG_ENABLE_MODULES = YES;
				CLANG_ENABLE_OBJC_ARC = YES;
				CLANG_ENABLE_OBJC_WEAK = YES;
				CLANG_WARN_BLOCK_CAPTURE_AUTORELEASING = YES;
				CLANG_WARN_BOOL_CONVERSION = YES;
				CLANG_WARN_COMMA = YES;
				CLANG_WARN_CONSTANT_CONVERSION = YES;
				CLANG_WARN_DEPRECATED_OBJC_IMPLEMENTATIONS = YES;
				CLANG_WARN_DIRECT_OBJC_ISA_USAGE = YES_ERROR;
				CLANG_WARN_DOCUMENTATION_COMMENTS = YES;
				CLANG_WARN_EMPTY_BODY = YES;
				CLANG_WARN_ENUM_CONVERSION = YES;
				CLANG_WARN_INFINITE_RECURSION = YES;
				CLANG_WARN_INT_CONVERSION = YES;
				CLANG_WARN_NON_LITERAL_NULL_CONVERSION = YES;
				CLANG_WARN_OBJC_IMPLICIT_RETAIN_SELF = YES;
				CLANG_WARN_OBJC_LITERAL_CONVERSION = YES;
				CLANG_WARN_OBJC_ROOT_CLASS = YES_ERROR;
				CLANG_WARN_QUOTED_INCLUDE_IN_FRAMEWORK_HEADER = YES;
				CLANG_WARN_RANGE_LOOP_ANALYSIS = YES;
				CLANG_WARN_STRICT_PROTOTYPES = YES;
				CLANG_WARN_SUSPICIOUS_MOVE = YES;
				CLANG_WARN_UNGUARDED_AVAILABILITY = YES_AGGRESSIVE;
				CLANG_WARN_UNREACHABLE_CODE = YES;
				CLANG_WARN__DUPLICATE_METHOD_MATCH = YES;
				COPY_PHASE_STRIP = NO;
				DEBUG_INFORMATION_FORMAT = "dwarf-with-dsym";
				ENABLE_NS_ASSERTIONS = NO;
				ENABLE_STRICT_OBJC_MSGSEND = YES;
				GCC_C_LANGUAGE_STANDARD = gnu11;
				GCC_NO_COMMON_BLOCKS = YES;
				GCC_WARN_64_TO_32_BIT_CONVERSION = YES;
				GCC_WARN_ABOUT_RETURN_TYPE = YES_ERROR;
				GCC_WARN_UNDECLARED_SELECTOR = YES;
				GCC_WARN_UNINITIALIZED_AUTOS = YES_AGGRESSIVE;
				GCC_WARN_UNUSED_FUNCTION = YES;
				GCC_WARN_UNUSED_VARIABLE = YES;
				IPHONEOS_DEPLOYMENT_TARGET = 14.1;
				MTL_ENABLE_DEBUG_INFO = NO;
				MTL_FAST_MATH = YES;
				SDKROOT = iphoneos;
				SWIFT_COMPILATION_MODE = wholemodule;
				SWIFT_OPTIMIZATION_LEVEL = "-O";
				VALIDATE_PRODUCT = YES;
			};
			name = Release;
		};
		080B2465257FF33400C87AA3 /* Debug */ = {
			isa = XCBuildConfiguration;
			baseConfigurationReference = ADAE980E8A3BF2313B6CA919 /* Pods-WeatherApp.debug.xcconfig */;
			buildSettings = {
				ASSETCATALOG_COMPILER_APPICON_NAME = AppIcon;
				ASSETCATALOG_COMPILER_GLOBAL_ACCENT_COLOR_NAME = AccentColor;
				CODE_SIGN_STYLE = Automatic;
				DEVELOPMENT_TEAM = 6465YMUMLU;
				INFOPLIST_FILE = WeatherApp/AppConfig/Info.plist;
				LD_RUNPATH_SEARCH_PATHS = (
					"$(inherited)",
					"@executable_path/Frameworks",
				);
				PRODUCT_BUNDLE_IDENTIFIER = com.pienaaranker.WeatherApp;
				PRODUCT_NAME = "$(TARGET_NAME)";
				SWIFT_VERSION = 5.0;
				TARGETED_DEVICE_FAMILY = "1,2";
			};
			name = Debug;
		};
		080B2466257FF33400C87AA3 /* Release */ = {
			isa = XCBuildConfiguration;
			baseConfigurationReference = 15460B40C636F439B974231F /* Pods-WeatherApp.release.xcconfig */;
			buildSettings = {
				ASSETCATALOG_COMPILER_APPICON_NAME = AppIcon;
				ASSETCATALOG_COMPILER_GLOBAL_ACCENT_COLOR_NAME = AccentColor;
				CODE_SIGN_STYLE = Automatic;
				DEVELOPMENT_TEAM = 6465YMUMLU;
				INFOPLIST_FILE = WeatherApp/AppConfig/Info.plist;
				LD_RUNPATH_SEARCH_PATHS = (
					"$(inherited)",
					"@executable_path/Frameworks",
				);
				PRODUCT_BUNDLE_IDENTIFIER = com.pienaaranker.WeatherApp;
				PRODUCT_NAME = "$(TARGET_NAME)";
				SWIFT_VERSION = 5.0;
				TARGETED_DEVICE_FAMILY = "1,2";
			};
			name = Release;
		};
		080B2468257FF33400C87AA3 /* Debug */ = {
			isa = XCBuildConfiguration;
			baseConfigurationReference = 14B67D4173C659ED02FF8F1D /* Pods-WeatherAppTests.debug.xcconfig */;
			buildSettings = {
				ALWAYS_EMBED_SWIFT_STANDARD_LIBRARIES = YES;
				BUNDLE_LOADER = "$(TEST_HOST)";
				CODE_SIGN_STYLE = Automatic;
				DEVELOPMENT_TEAM = 6465YMUMLU;
				INFOPLIST_FILE = WeatherAppTests/Info.plist;
				IPHONEOS_DEPLOYMENT_TARGET = 14.1;
				LD_RUNPATH_SEARCH_PATHS = (
					"$(inherited)",
					"@executable_path/Frameworks",
					"@loader_path/Frameworks",
				);
				PRODUCT_BUNDLE_IDENTIFIER = com.pienaaranker.WeatherAppTests;
				PRODUCT_NAME = "$(TARGET_NAME)";
				SWIFT_VERSION = 5.0;
				TARGETED_DEVICE_FAMILY = "1,2";
				TEST_HOST = "$(BUILT_PRODUCTS_DIR)/WeatherApp.app/WeatherApp";
			};
			name = Debug;
		};
		080B2469257FF33400C87AA3 /* Release */ = {
			isa = XCBuildConfiguration;
			baseConfigurationReference = A1B6E566BF7D694104A3AE19 /* Pods-WeatherAppTests.release.xcconfig */;
			buildSettings = {
				ALWAYS_EMBED_SWIFT_STANDARD_LIBRARIES = YES;
				BUNDLE_LOADER = "$(TEST_HOST)";
				CODE_SIGN_STYLE = Automatic;
				DEVELOPMENT_TEAM = 6465YMUMLU;
				INFOPLIST_FILE = WeatherAppTests/Info.plist;
				IPHONEOS_DEPLOYMENT_TARGET = 14.1;
				LD_RUNPATH_SEARCH_PATHS = (
					"$(inherited)",
					"@executable_path/Frameworks",
					"@loader_path/Frameworks",
				);
				PRODUCT_BUNDLE_IDENTIFIER = com.pienaaranker.WeatherAppTests;
				PRODUCT_NAME = "$(TARGET_NAME)";
				SWIFT_VERSION = 5.0;
				TARGETED_DEVICE_FAMILY = "1,2";
				TEST_HOST = "$(BUILT_PRODUCTS_DIR)/WeatherApp.app/WeatherApp";
			};
			name = Release;
		};
/* End XCBuildConfiguration section */

/* Begin XCConfigurationList section */
		080B2435257FF33300C87AA3 /* Build configuration list for PBXProject "WeatherApp" */ = {
			isa = XCConfigurationList;
			buildConfigurations = (
				080B2462257FF33400C87AA3 /* Debug */,
				080B2463257FF33400C87AA3 /* Release */,
			);
			defaultConfigurationIsVisible = 0;
			defaultConfigurationName = Release;
		};
		080B2464257FF33400C87AA3 /* Build configuration list for PBXNativeTarget "WeatherApp" */ = {
			isa = XCConfigurationList;
			buildConfigurations = (
				080B2465257FF33400C87AA3 /* Debug */,
				080B2466257FF33400C87AA3 /* Release */,
			);
			defaultConfigurationIsVisible = 0;
			defaultConfigurationName = Release;
		};
		080B2467257FF33400C87AA3 /* Build configuration list for PBXNativeTarget "WeatherAppTests" */ = {
			isa = XCConfigurationList;
			buildConfigurations = (
				080B2468257FF33400C87AA3 /* Debug */,
				080B2469257FF33400C87AA3 /* Release */,
			);
			defaultConfigurationIsVisible = 0;
			defaultConfigurationName = Release;
		};
/* End XCConfigurationList section */
	};
	rootObject = 080B2432257FF33300C87AA3 /* Project object */;
}
